{
  "lockfileVersion": 1,
  "configVersion": 1,
  "workspaces": {
    "": {
      "devDependencies": {
        "tailwind-scrollbar": "^4.0.2",
      },
    },
  },
  "packages": {
    "@types/prismjs": ["@types/prismjs@1.26.6", "", {}, "sha512-vqlvI7qlMvcCBbVe0AKAb4f97//Hy0EBTaiW8AalRnG/xAN5zOiWWyrNqNXeq8+KAuvRewjCVY1+IPxk4RdNYw=="],

    "clsx": ["clsx@2.1.1", "", {}, "sha512-eYm0QWBtUrBWZWG0d386OGAw16Z995PiOVo2B7bjWSbHedGl5e0ZWaq65kOGgUSNesEIDkB9ISbTg/JK9dhCZA=="],

    "prism-react-renderer": ["prism-react-renderer@2.4.1", "", { "dependencies": { "@types/prismjs": "^1.26.0", "clsx": "^2.0.0" }, "peerDependencies": { "react": ">=16.0.0" } }, "sha512-ey8Ls/+Di31eqzUxC46h8MksNuGx/n0AAC8uKpwFau4RPDYLuE3EXTp8N8G2vX2N7UC/+IXeNUnlWBGGcAG+Ig=="],

    "react": ["react@19.2.4", "", {}, "sha512-9nfp2hYpCwOjAN+8TZFGhtWEwgvWHXqESH8qT89AT/lWklpLON22Lc8pEtnpsZz7VmawabSU0gCjnj8aC0euHQ=="],

    "tailwind-scrollbar": ["tailwind-scrollbar@4.0.2", "", { "dependencies": { "prism-react-renderer": "^2.4.1" }, "peerDependencies": { "tailwindcss": "4.x" } }, "sha512-wAQiIxAPqk0MNTPptVe/xoyWi27y+NRGnTwvn4PQnbvB9kp8QUBiGl/wsfoVBHnQxTmhXJSNt9NHTmcz9EivFA=="],

    "tailwindcss": ["tailwindcss@4.1.18", "", {}, "sha512-4+Z+0yiYyEtUVCScyfHCxOYP06L5Ne+JiHhY2IjR2KWMIWhJOYZKLSGZaP5HkZ8+bY0cxfzwDE5uOmzFXyIwxw=="],
  }
}
